
Microsoft Visual Studio Solution File, Format Version 12.00
# Visual Studio 15
VisualStudioVersion = 15.0.27703.2000
MinimumVisualStudioVersion = 10.0.40219.1
Project("{FAE04EC0-301F-11D3-BF4B-00C04F79EFBC}") = "Cognitive.Service.Image.OCR", "Cognitive.Service.Image.OCR\Cognitive.Service.Image.OCR.csproj", "{069E1CF1-F21D-451F-89E0-18E87927A7A2}"
EndProject
Global
	GlobalSection(SolutionConfigurationPlatforms) = preSolution
		Debug|Any CPU = Debug|Any CPU
		Release|Any CPU = Release|Any CPU
	EndGlobalSection
	GlobalSection(ProjectConfigurationPlatforms) = postSolution
		{069E1CF1-F21D-451F-89E0-18E87927A7A2}.Debug|Any CPU.ActiveCfg = Debug|Any CPU
		{069E1CF1-F21D-451F-89E0-18E87927A7A2}.Debug|Any CPU.Build.0 = Debug|Any CPU
		{069E1CF1-F21D-451F-89E0-18E87927A7A2}.Release|Any CPU.ActiveCfg = Release|Any CPU
		{069E1CF1-F21D-451F-89E0-18E87927A7A2}.Release|Any CPU.Build.0 = Release|Any CPU
	EndGlobalSection
	GlobalSection(SolutionProperties) = preSolution
		HideSolutionNode = FALSE
	EndGlobalSection
	GlobalSection(ExtensibilityGlobals) = postSolution
		SolutionGuid = {DEE07EF2-ADB8-4DA3-BC9B-DF6C7DE00332}
	EndGlobalSection
EndGlobal
